// !$*UTF8*$!
{
	archiveVersion = 1;
	classes = {
	};
	objectVersion = 50;
	objects = {

/* Begin PBXBuildFile section */
		2A3522AC77336E732B1EC39C /* Pods_TestLyricLoading.framework in Frameworks */ = {isa = PBXBuildFile; fileRef = 4BC6DB12ED0D21DF547BAA0A /* Pods_TestLyricLoading.framework */; };
		6D74B40D2214003D004E302D /* AppDelegate.swift in Sources */ = {isa = PBXBuildFile; fileRef = 6D74B40C2214003D004E302D /* AppDelegate.swift */; };
		6D74B40F2214003D004E302D /* ViewController.swift in Sources */ = {isa = PBXBuildFile; fileRef = 6D74B40E2214003D004E302D /* ViewController.swift */; };
		6D74B4122214003D004E302D /* Main.storyboard in Resources */ = {isa = PBXBuildFile; fileRef = 6D74B4102214003D004E302D /* Main.storyboard */; };
		6D74B41422140040004E302D /* Assets.xcassets in Resources */ = {isa = PBXBuildFile; fileRef = 6D74B41322140040004E302D /* Assets.xcassets */; };
		6D74B41722140040004E302D /* LaunchScreen.storyboard in Resources */ = {isa = PBXBuildFile; fileRef = 6D74B41522140040004E302D /* LaunchScreen.storyboard */; };
		6D74B41F22140063004E302D /* DotCountView.swift in Sources */ = {isa = PBXBuildFile; fileRef = 6D74B41E22140063004E302D /* DotCountView.swift */; };
/* End PBXBuildFile section */

/* Begin PBXFileReference section */
		27A38A8159218DB5D7AEBE75 /* Pods-TestLyricLoading.debug.xcconfig */ = {isa = PBXFileReference; includeInIndex = 1; lastKnownFileType = text.xcconfig; name = "Pods-TestLyricLoading.debug.xcconfig"; path = "Pods/Target Support Files/Pods-TestLyricLoading/Pods-TestLyricLoading.debug.xcconfig"; sourceTree = "<group>"; };
		4BC6DB12ED0D21DF547BAA0A /* Pods_TestLyricLoading.framework */ = {isa = PBXFileReference; explicitFileType = wrapper.framework; includeInIndex = 0; path = Pods_TestLyricLoading.framework; sourceTree = BUILT_PRODUCTS_DIR; };
		6D74B4092214003D004E302D /* TestLyricLoading.app */ = {isa = PBXFileReference; explicitFileType = wrapper.application; includeInIndex = 0; path = TestLyricLoading.app; sourceTree = BUILT_PRODUCTS_DIR; };
		6D74B40C2214003D004E302D /* AppDelegate.swift */ = {isa = PBXFileReference; lastKnownFileType = sourcecode.swift; path = AppDelegate.swift; sourceTree = "<group>"; };
		6D74B40E2214003D004E302D /* ViewController.swift */ = {isa = PBXFileReference; lastKnownFileType = sourcecode.swift; path = ViewController.swift; sourceTree = "<group>"; };
		6D74B4112214003D004E302D /* Base */ = {isa = PBXFileReference; lastKnownFileType = file.storyboard; name = Base; path = Base.lproj/Main.storyboard; sourceTree = "<group>"; };
		6D74B41322140040004E302D /* Assets.xcassets */ = {isa = PBXFileReference; lastKnownFileType = folder.assetcatalog; path = Assets.xcassets; sourceTree = "<group>"; };
		6D74B41622140040004E302D /* Base */ = {isa = PBXFileReference; lastKnownFileType = file.storyboard; name = Base; path = Base.lproj/LaunchScreen.storyboard; sourceTree = "<group>"; };
		6D74B41822140040004E302D /* Info.plist */ = {isa = PBXFileReference; lastKnownFileType = text.plist.xml; path = Info.plist; sourceTree = "<group>"; };
		6D74B41E22140063004E302D /* DotCountView.swift */ = {isa = PBXFileReference; lastKnownFileType = sourcecode.swift; path = DotCountView.swift; sourceTree = "<group>"; };
		FF6015BE229CCBDD733F1573 /* Pods-TestLyricLoading.release.xcconfig */ = {isa = PBXFileReference; includeInIndex = 1; lastKnownFileType = text.xcconfig; name = "Pods-TestLyricLoading.release.xcconfig"; path = "Pods/Target Support Files/Pods-TestLyricLoading/Pods-TestLyricLoading.release.xcconfig"; sourceTree = "<group>"; };
/* End PBXFileReference section */

/* Begin PBXFrameworksBuildPhase section */
		6D74B4062214003D004E302D /* Frameworks */ = {
			isa = PBXFrameworksBuildPhase;
			buildActionMask = 2147483647;
			files = (
				2A3522AC77336E732B1EC39C /* Pods_TestLyricLoading.framework in Frameworks */,
			);
			runOnlyForDeploymentPostprocessing = 0;
		};
/* End PBXFrameworksBuildPhase section */

/* Begin PBXGroup section */
		6824EC0391393403424CE8E8 /* Frameworks */ = {
			isa = PBXGroup;
			children = (
				4BC6DB12ED0D21DF547BAA0A /* Pods_TestLyricLoading.framework */,
			);
			name = Frameworks;
			sourceTree = "<group>";
		};
		6D74B4002214003D004E302D = {
			isa = PBXGroup;
			children = (
				6D74B40B2214003D004E302D /* TestLyricLoading */,
				6D74B40A2214003D004E302D /* Products */,
				EB16329C759BC85FF3EC1BDA /* Pods */,
				6824EC0391393403424CE8E8 /* Frameworks */,
			);
			sourceTree = "<group>";
		};
		6D74B40A2214003D004E302D /* Products */ = {
			isa = PBXGroup;
			children = (
				6D74B4092214003D004E302D /* TestLyricLoading.app */,
			);
			name = Products;
			sourceTree = "<group>";
		};
		6D74B40B2214003D004E302D /* TestLyricLoading */ = {
			isa = PBXGroup;
			children = (
				6D74B40C2214003D004E302D /* AppDelegate.swift */,
				6D74B40E2214003D004E302D /* ViewController.swift */,
				6D74B41E22140063004E302D /* DotCountView.swift */,
				6D74B4102214003D004E302D /* Main.storyboard */,
				6D74B41322140040004E302D /* Assets.xcassets */,
				6D74B41522140040004E302D /* LaunchScreen.storyboard */,
				6D74B41822140040004E302D /* Info.plist */,
			);
			path = TestLyricLoading;
			sourceTree = "<group>";
		};
		EB16329C759BC85FF3EC1BDA /* Pods */ = {
			isa = PBXGroup;
			children = (
				27A38A8159218DB5D7AEBE75 /* Pods-TestLyricLoading.debug.xcconfig */,
				FF6015BE229CCBDD733F1573 /* Pods-TestLyricLoading.release.xcconfig */,
			);
			name = Pods;
			sourceTree = "<group>";
		};
/* End PBXGroup section */

/* Begin PBXNativeTarget section */
		6D74B4082214003D004E302D /* TestLyricLoading */ = {
			isa = PBXNativeTarget;
			buildConfigurationList = 6D74B41B22140040004E302D /* Build configuration list for PBXNativeTarget "TestLyricLoading" */;
			buildPhases = (
				541A8BF9107101FD51EFD62B /* [CP] Check Pods Manifest.lock */,
				6D74B4052214003D004E302D /* Sources */,
				6D74B4062214003D004E302D /* Frameworks */,
				6D74B4072214003D004E302D /* Resources */,
				04CEDDE50B4B1EB3C338C349 /* [CP] Embed Pods Frameworks */,
			);
			buildRules = (
			);
			dependencies = (
			);
			name = TestLyricLoading;
			productName = TestLyricLoading;
			productReference = 6D74B4092214003D004E302D /* TestLyricLoading.app */;
			productType = "com.apple.product-type.application";
		};
/* End PBXNativeTarget section */

/* Begin PBXProject section */
		6D74B4012214003D004E302D /* Project object */ = {
			isa = PBXProject;
			attributes = {
				LastSwiftUpdateCheck = 1010;
				LastUpgradeCheck = 1010;
				ORGANIZATIONNAME = "Le Hoang Do";
				TargetAttributes = {
					6D74B4082214003D004E302D = {
						CreatedOnToolsVersion = 10.1;
					};
				};
			};
			buildConfigurationList = 6D74B4042214003D004E302D /* Build configuration list for PBXProject "TestLyricLoading" */;
			compatibilityVersion = "Xcode 9.3";
			developmentRegion = en;
			hasScannedForEncodings = 0;
			knownRegions = (
				en,
				Base,
			);
			mainGroup = 6D74B4002214003D004E302D;
			productRefGroup = 6D74B40A2214003D004E302D /* Products */;
			projectDirPath = "";
			projectRoot = "";
			targets = (
				6D74B4082214003D004E302D /* TestLyricLoading */,
			);
		};
/* End PBXProject section */

/* Begin PBXResourcesBuildPhase section */
		6D74B4072214003D004E302D /* Resources */ = {
			isa = PBXResourcesBuildPhase;
			buildActionMask = 2147483647;
			files = (
				6D74B41722140040004E302D /* LaunchScreen.storyboard in Resources */,
				6D74B41422140040004E302D /* Assets.xcassets in Resources */,
				6D74B4122214003D004E302D /* Main.storyboard in Resources */,
			);
			runOnlyForDeploymentPostprocessing = 0;
		};
/* End PBXResourcesBuildPhase section */

/* Begin PBXShellScriptBuildPhase section */
		04CEDDE50B4B1EB3C338C349 /* [CP] Embed Pods Frameworks */ = {
			isa = PBXShellScriptBuildPhase;
			buildActionMask = 2147483647;
			files = (
			);
			inputFileListPaths = (
			);
			inputPaths = (
				"${SRCROOT}/Pods/Target Support Files/Pods-TestLyricLoading/Pods-TestLyricLoading-frameworks.sh",
				"${BUILT_PRODUCTS_DIR}/SnapKit/SnapKit.framework",
			);
			name = "[CP] Embed Pods Frameworks";
			outputFileListPaths = (
			);
			outputPaths = (
				"${TARGET_BUILD_DIR}/${FRAMEWORKS_FOLDER_PATH}/SnapKit.framework",
			);
			runOnlyForDeploymentPostprocessing = 0;
			shellPath = /bin/sh;
			shellScript = "\"${SRCROOT}/Pods/Target Support Files/Pods-TestLyricLoading/Pods-TestLyricLoading-frameworks.sh\"\n";
			showEnvVarsInLog = 0;
		};
		541A8BF9107101FD51EFD62B /* [CP] Check Pods Manifest.lock */ = {
			isa = PBXShellScriptBuildPhase;
			buildActionMask = 2147483647;
			files = (
			);
			inputFileListPaths = (
			);
			inputPaths = (
				"${PODS_PODFILE_DIR_PATH}/Podfile.lock",
				"${PODS_ROOT}/Manifest.lock",
			);
			name = "[CP] Check Pods Manifest.lock";
			outputFileListPaths = (
			);
			outputPaths = (
				"$(DERIVED_FILE_DIR)/Pods-TestLyricLoading-checkManifestLockResult.txt",
			);
			runOnlyForDeploymentPostprocessing = 0;
			shellPath = /bin/sh;
			shellScript = "diff \"${PODS_PODFILE_DIR_PATH}/Podfile.lock\" \"${PODS_ROOT}/Manifest.lock\" > /dev/null\nif [ $? != 0 ] ; then\n    # print error to STDERR\n    echo \"error: The sandbox is not in sync with the Podfile.lock. Run 'pod install' or update your CocoaPods installation.\" >&2\n    exit 1\nfi\n# This output is used by Xcode 'outputs' to avoid re-running this script phase.\necho \"SUCCESS\" > \"${SCRIPT_OUTPUT_FILE_0}\"\n";
			showEnvVarsInLog = 0;
		};
/* End PBXShellScriptBuildPhase section */

/* Begin PBXSourcesBuildPhase section */
		6D74B4052214003D004E302D /* Sources */ = {
			isa = PBXSourcesBuildPhase;
			buildActionMask = 2147483647;
			files = (
				6D74B40F2214003D004E302D /* ViewController.swift in Sources */,
				6D74B40D2214003D004E302D /* AppDelegate.swift in Sources */,
				6D74B41F22140063004E302D /* DotCountView.swift in Sources */,
			);
			runOnlyForDeploymentPostprocessing = 0;
		};
/* End PBXSourcesBuildPhase section */

/* Begin PBXVariantGroup section */
		6D74B4102214003D004E302D /* Main.storyboard */ = {
			isa = PBXVariantGroup;
			children = (
				6D74B4112214003D004E302D /* Base */,
			);
			name = Main.storyboard;
			sourceTree = "<group>";
		};
		6D74B41522140040004E302D /* LaunchScreen.storyboard */ = {
			isa = PBXVariantGroup;
			children = (
				6D74B41622140040004E302D /* Base */,
			);
			name = LaunchScreen.storyboard;
			sourceTree = "<group>";
		};
/* End PBXVariantGroup section */

/* Begin XCBuildConfiguration section */
		6D74B41922140040004E302D /* Debug */ = {
			isa = XCBuildConfiguration;
			buildSettings = {
				ALWAYS_SEARCH_USER_PATHS = NO;
				CLANG_ANALYZER_NONNULL = YES;
				CLANG_ANALYZER_NUMBER_OBJECT_CONVERSION = YES_AGGRESSIVE;
				CLANG_CXX_LANGUAGE_STANDARD = "gnu++14";
				CLANG_CXX_LIBRARY = "libc++";
				CLANG_ENABLE_MODULES = YES;
				CLANG_ENABLE_OBJC_ARC = YES;
				CLANG_ENABLE_OBJC_WEAK = YES;
				CLANG_WARN_BLOCK_CAPTURE_AUTORELEASING = YES;
				CLANG_WARN_BOOL_CONVERSION = YES;
				CLANG_WARN_COMMA = YES;
				CLANG_WARN_CONSTANT_CONVERSION = YES;
				CLANG_WARN_DEPRECATED_OBJC_IMPLEMENTATIONS = YES;
				CLANG_WARN_DIRECT_OBJC_ISA_USAGE = YES_ERROR;
				CLANG_WARN_DOCUMENTATION_COMMENTS = YES;
				CLANG_WARN_EMPTY_BODY = YES;
				CLANG_WARN_ENUM_CONVERSION = YES;
				CLANG_WARN_INFINITE_RECURSION = YES;
				CLANG_WARN_INT_CONVERSION = YES;
				CLANG_WARN_NON_LITERAL_NULL_CONVERSION = YES;
				CLANG_WARN_OBJC_IMPLICIT_RETAIN_SELF = YES;
				CLANG_WARN_OBJC_LITERAL_CONVERSION = YES;
				CLANG_WARN_OBJC_ROOT_CLASS = YES_ERROR;
				CLANG_WARN_RANGE_LOOP_ANALYSIS = YES;
				CLANG_WARN_STRICT_PROTOTYPES = YES;
				CLANG_WARN_SUSPICIOUS_MOVE = YES;
				CLANG_WARN_UNGUARDED_AVAILABILITY = YES_AGGRESSIVE;
				CLANG_WARN_UNREACHABLE_CODE = YES;
				CLANG_WARN__DUPLICATE_METHOD_MATCH = YES;
				CODE_SIGN_IDENTITY = "iPhone Developer";
				COPY_PHASE_STRIP = NO;
				DEBUG_INFORMATION_FORMAT = dwarf;
				ENABLE_STRICT_OBJC_MSGSEND = YES;
				ENABLE_TESTABILITY = YES;
				GCC_C_LANGUAGE_STANDARD = gnu11;
				GCC_DYNAMIC_NO_PIC = NO;
				GCC_NO_COMMON_BLOCKS = YES;
				GCC_OPTIMIZATION_LEVEL = 0;
				GCC_PREPROCESSOR_DEFINITIONS = (
					"DEBUG=1",
					"$(inherited)",
				);
				GCC_WARN_64_TO_32_BIT_CONVERSION = YES;
				GCC_WARN_ABOUT_RETURN_TYPE = YES_ERROR;
				GCC_WARN_UNDECLARED_SELECTOR = YES;
				GCC_WARN_UNINITIALIZED_AUTOS = YES_AGGRESSIVE;
				GCC_WARN_UNUSED_FUNCTION = YES;
				GCC_WARN_UNUSED_VARIABLE = YES;
				IPHONEOS_DEPLOYMENT_TARGET = 12.1;
				MTL_ENABLE_DEBUG_INFO = INCLUDE_SOURCE;
				MTL_FAST_MATH = YES;
				ONLY_ACTIVE_ARCH = YES;
				SDKROOT = iphoneos;
				SWIFT_ACTIVE_COMPILATION_CONDITIONS = DEBUG;
				SWIFT_OPTIMIZATION_LEVEL = "-Onone";
			};
			name = Debug;
		};
		6D74B41A22140040004E302D /* Release */ = {
			isa = XCBuildConfiguration;
			buildSettings = {
				ALWAYS_SEARCH_USER_PATHS = NO;
				CLANG_ANALYZER_NONNULL = YES;
				CLANG_ANALYZER_NUMBER_OBJECT_CONVERSION = YES_AGGRESSIVE;
				CLANG_CXX_LANGUAGE_STANDARD = "gnu++14";
				CLANG_CXX_LIBRARY = "libc++";
				CLANG_ENABLE_MODULES = YES;
				CLANG_ENABLE_OBJC_ARC = YES;
				CLANG_ENABLE_OBJC_WEAK = YES;
				CLANG_WARN_BLOCK_CAPTURE_AUTORELEASING = YES;
				CLANG_WARN_BOOL_CONVERSION = YES;
				CLANG_WARN_COMMA = YES;
				CLANG_WARN_CONSTANT_CONVERSION = YES;
				CLANG_WARN_DEPRECATED_OBJC_IMPLEMENTATIONS = YES;
				CLANG_WARN_DIRECT_OBJC_ISA_USAGE = YES_ERROR;
				CLANG_WARN_DOCUMENTATION_COMMENTS = YES;
				CLANG_WARN_EMPTY_BODY = YES;
				CLANG_WARN_ENUM_CONVERSION = YES;
				CLANG_WARN_INFINITE_RECURSION = YES;
				CLANG_WARN_INT_CONVERSION = YES;
				CLANG_WARN_NON_LITERAL_NULL_CONVERSION = YES;
				CLANG_WARN_OBJC_IMPLICIT_RETAIN_SELF = YES;
				CLANG_WARN_OBJC_LITERAL_CONVERSION = YES;
				CLANG_WARN_OBJC_ROOT_CLASS = YES_ERROR;
				CLANG_WARN_RANGE_LOOP_ANALYSIS = YES;
				CLANG_WARN_STRICT_PROTOTYPES = YES;
				CLANG_WARN_SUSPICIOUS_MOVE = YES;
				CLANG_WARN_UNGUARDED_AVAILABILITY = YES_AGGRESSIVE;
				CLANG_WARN_UNREACHABLE_CODE = YES;
				CLANG_WARN__DUPLICATE_METHOD_MATCH = YES;
				CODE_SIGN_IDENTITY = "iPhone Developer";
				COPY_PHASE_STRIP = NO;
				DEBUG_INFORMATION_FORMAT = "dwarf-with-dsym";
				ENABLE_NS_ASSERTIONS = NO;
				ENABLE_STRICT_OBJC_MSGSEND = YES;
				GCC_C_LANGUAGE_STANDARD = gnu11;
				GCC_NO_COMMON_BLOCKS = YES;
				GCC_WARN_64_TO_32_BIT_CONVERSION = YES;
				GCC_WARN_ABOUT_RETURN_TYPE = YES_ERROR;
				GCC_WARN_UNDECLARED_SELECTOR = YES;
				GCC_WARN_UNINITIALIZED_AUTOS = YES_AGGRESSIVE;
				GCC_WARN_UNUSED_FUNCTION = YES;
				GCC_WARN_UNUSED_VARIABLE = YES;
				IPHONEOS_DEPLOYMENT_TARGET = 12.1;
				MTL_ENABLE_DEBUG_INFO = NO;
				MTL_FAST_MATH = YES;
				SDKROOT = iphoneos;
				SWIFT_COMPILATION_MODE = wholemodule;
				SWIFT_OPTIMIZATION_LEVEL = "-O";
				VALIDATE_PRODUCT = YES;
			};
			name = Release;
		};
		6D74B41C22140040004E302D /* Debug */ = {
			isa = XCBuildConfiguration;
			baseConfigurationReference = 27A38A8159218DB5D7AEBE75 /* Pods-TestLyricLoading.debug.xcconfig */;
			buildSettings = {
				ASSETCATALOG_COMPILER_APPICON_NAME = AppIcon;
				CODE_SIGN_STYLE = Automatic;
				DEVELOPMENT_TEAM = H5U672V2X2;
				INFOPLIST_FILE = TestLyricLoading/Info.plist;
				LD_RUNPATH_SEARCH_PATHS = (
					"$(inherited)",
					"@executable_path/Frameworks",
				);
				PRODUCT_BUNDLE_IDENTIFIER = com.smartmedia.lyric.TestLyricLoading;
				PRODUCT_NAME = "$(TARGET_NAME)";
				SWIFT_VERSION = 4.2;
				TARGETED_DEVICE_FAMILY = "1,2";
			};
			name = Debug;
		};
		6D74B41D22140040004E302D /* Release */ = {
			isa = XCBuildConfiguration;
			baseConfigurationReference = FF6015BE229CCBDD733F1573 /* Pods-TestLyricLoading.release.xcconfig */;
			buildSettings = {
				ASSETCATALOG_COMPILER_APPICON_NAME = AppIcon;
				CODE_SIGN_STYLE = Automatic;
				DEVELOPMENT_TEAM = H5U672V2X2;
				INFOPLIST_FILE = TestLyricLoading/Info.plist;
				LD_RUNPATH_SEARCH_PATHS = (
					"$(inherited)",
					"@executable_path/Frameworks",
				);
				PRODUCT_BUNDLE_IDENTIFIER = com.smartmedia.lyric.TestLyricLoading;
				PRODUCT_NAME = "$(TARGET_NAME)";
				SWIFT_VERSION = 4.2;
				TARGETED_DEVICE_FAMILY = "1,2";
			};
			name = Release;
		};
/* End XCBuildConfiguration section */

/* Begin XCConfigurationList section */
		6D74B4042214003D004E302D /* Build configuration list for PBXProject "TestLyricLoading" */ = {
			isa = XCConfigurationList;
			buildConfigurations = (
				6D74B41922140040004E302D /* Debug */,
				6D74B41A22140040004E302D /* Release */,
			);
			defaultConfigurationIsVisible = 0;
			defaultConfigurationName = Release;
		};
		6D74B41B22140040004E302D /* Build configuration list for PBXNativeTarget "TestLyricLoading" */ = {
			isa = XCConfigurationList;
			buildConfigurations = (
				6D74B41C22140040004E302D /* Debug */,
				6D74B41D22140040004E302D /* Release */,
			);
			defaultConfigurationIsVisible = 0;
			defaultConfigurationName = Release;
		};
/* End XCConfigurationList section */
	};
	rootObject = 6D74B4012214003D004E302D /* Project object */;
}
